
Microsoft Visual Studio Solution File, Format Version 12.00
# Visual Studio Version 17
VisualStudioVersion = 17.4.33213.308
MinimumVisualStudioVersion = 10.0.40219.1
Project("{FAE04EC0-301F-11D3-BF4B-00C04F79EFBC}") = "SimpleBlogAPI", "SimpleBlogAPI\SimpleBlogAPI.csproj", "{17730511-A6E7-48FF-AAEA-1C000C237E63}"
EndProject
Global
	GlobalSection(SolutionConfigurationPlatforms) = preSolution
		Debug|Any CPU = Debug|Any CPU
		Release|Any CPU = Release|Any CPU
	EndGlobalSection
	GlobalSection(ProjectConfigurationPlatforms) = postSolution
		{17730511-A6E7-48FF-AAEA-1C000C237E63}.Debug|Any CPU.ActiveCfg = Debug|Any CPU
		{17730511-A6E7-48FF-AAEA-1C000C237E63}.Debug|Any CPU.Build.0 = Debug|Any CPU
		{17730511-A6E7-48FF-AAEA-1C000C237E63}.Release|Any CPU.ActiveCfg = Release|Any CPU
		{17730511-A6E7-48FF-AAEA-1C000C237E63}.Release|Any CPU.Build.0 = Release|Any CPU
	EndGlobalSection
	GlobalSection(SolutionProperties) = preSolution
		HideSolutionNode = FALSE
	EndGlobalSection
	GlobalSection(ExtensibilityGlobals) = postSolution
		SolutionGuid = {01B24D9F-48D9-4021-A3E6-CE64A951B496}
	EndGlobalSection
EndGlobal
